// !$*UTF8*$!
{
	archiveVersion = 1;
	classes = {
	};
	objectVersion = 46;
	objects = {

/* Begin PBXBuildFile section */
		9FD1541F1AAD1A070043181B /* AppDelegate.swift in Sources */ = {isa = PBXBuildFile; fileRef = 9FD1541E1AAD1A070043181B /* AppDelegate.swift */; };
		9FD154211AAD1A070043181B /* ViewController.swift in Sources */ = {isa = PBXBuildFile; fileRef = 9FD154201AAD1A070043181B /* ViewController.swift */; };
		9FD154241AAD1A070043181B /* Main.storyboard in Resources */ = {isa = PBXBuildFile; fileRef = 9FD154221AAD1A070043181B /* Main.storyboard */; };
		9FD154261AAD1A070043181B /* Images.xcassets in Resources */ = {isa = PBXBuildFile; fileRef = 9FD154251AAD1A070043181B /* Images.xcassets */; };
		9FD154291AAD1A070043181B /* LaunchScreen.xib in Resources */ = {isa = PBXBuildFile; fileRef = 9FD154271AAD1A070043181B /* LaunchScreen.xib */; };
		9FD154351AAD1A070043181B /* BarcodeScannerTests.swift in Sources */ = {isa = PBXBuildFile; fileRef = 9FD154341AAD1A070043181B /* BarcodeScannerTests.swift */; };
/* End PBXBuildFile section */

/* Begin PBXContainerItemProxy section */
		9FD1542F1AAD1A070043181B /* PBXContainerItemProxy */ = {
			isa = PBXContainerItemProxy;
			containerPortal = 9FD154111AAD1A070043181B /* Project object */;
			proxyType = 1;
			remoteGlobalIDString = 9FD154181AAD1A070043181B;
			remoteInfo = BarcodeScanner;
		};
/* End PBXContainerItemProxy section */

/* Begin PBXFileReference section */
		9FD154191AAD1A070043181B /* BarcodeScanner.app */ = {isa = PBXFileReference; explicitFileType = wrapper.application; includeInIndex = 0; path = BarcodeScanner.app; sourceTree = BUILT_PRODUCTS_DIR; };
		9FD1541D1AAD1A070043181B /* Info.plist */ = {isa = PBXFileReference; lastKnownFileType = text.plist.xml; path = Info.plist; sourceTree = "<group>"; };
		9FD1541E1AAD1A070043181B /* AppDelegate.swift */ = {isa = PBXFileReference; lastKnownFileType = sourcecode.swift; path = AppDelegate.swift; sourceTree = "<group>"; };
		9FD154201AAD1A070043181B /* ViewController.swift */ = {isa = PBXFileReference; lastKnownFileType = sourcecode.swift; path = ViewController.swift; sourceTree = "<group>"; };
		9FD154231AAD1A070043181B /* Base */ = {isa = PBXFileReference; lastKnownFileType = file.storyboard; name = Base; path = Base.lproj/Main.storyboard; sourceTree = "<group>"; };
		9FD154251AAD1A070043181B /* Images.xcassets */ = {isa = PBXFileReference; lastKnownFileType = folder.assetcatalog; path = Images.xcassets; sourceTree = "<group>"; };
		9FD154281AAD1A070043181B /* Base */ = {isa = PBXFileReference; lastKnownFileType = file.xib; name = Base; path = Base.lproj/LaunchScreen.xib; sourceTree = "<group>"; };
		9FD1542E1AAD1A070043181B /* BarcodeScannerTests.xctest */ = {isa = PBXFileReference; explicitFileType = wrapper.cfbundle; includeInIndex = 0; path = BarcodeScannerTests.xctest; sourceTree = BUILT_PRODUCTS_DIR; };
		9FD154331AAD1A070043181B /* Info.plist */ = {isa = PBXFileReference; lastKnownFileType = text.plist.xml; path = Info.plist; sourceTree = "<group>"; };
		9FD154341AAD1A070043181B /* BarcodeScannerTests.swift */ = {isa = PBXFileReference; lastKnownFileType = sourcecode.swift; path = BarcodeScannerTests.swift; sourceTree = "<group>"; };
/* End PBXFileReference section */

/* Begin PBXFrameworksBuildPhase section */
		9FD154161AAD1A070043181B /* Frameworks */ = {
			isa = PBXFrameworksBuildPhase;
			buildActionMask = 2147483647;
			files = (
			);
			runOnlyForDeploymentPostprocessing = 0;
		};
		9FD1542B1AAD1A070043181B /* Frameworks */ = {
			isa = PBXFrameworksBuildPhase;
			buildActionMask = 2147483647;
			files = (
			);
			runOnlyForDeploymentPostprocessing = 0;
		};
/* End PBXFrameworksBuildPhase section */

/* Begin PBXGroup section */
		9FD154101AAD1A070043181B = {
			isa = PBXGroup;
			children = (
				9FD1541B1AAD1A070043181B /* BarcodeScanner */,
				9FD154311AAD1A070043181B /* BarcodeScannerTests */,
				9FD1541A1AAD1A070043181B /* Products */,
			);
			sourceTree = "<group>";
		};
		9FD1541A1AAD1A070043181B /* Products */ = {
			isa = PBXGroup;
			children = (
				9FD154191AAD1A070043181B /* BarcodeScanner.app */,
				9FD1542E1AAD1A070043181B /* BarcodeScannerTests.xctest */,
			);
			name = Products;
			sourceTree = "<group>";
		};
		9FD1541B1AAD1A070043181B /* BarcodeScanner */ = {
			isa = PBXGroup;
			children = (
				9FD1541E1AAD1A070043181B /* AppDelegate.swift */,
				9FD154201AAD1A070043181B /* ViewController.swift */,
				9FD154221AAD1A070043181B /* Main.storyboard */,
				9FD154251AAD1A070043181B /* Images.xcassets */,
				9FD154271AAD1A070043181B /* LaunchScreen.xib */,
				9FD1541C1AAD1A070043181B /* Supporting Files */,
			);
			path = BarcodeScanner;
			sourceTree = "<group>";
		};
		9FD1541C1AAD1A070043181B /* Supporting Files */ = {
			isa = PBXGroup;
			children = (
				9FD1541D1AAD1A070043181B /* Info.plist */,
			);
			name = "Supporting Files";
			sourceTree = "<group>";
		};
		9FD154311AAD1A070043181B /* BarcodeScannerTests */ = {
			isa = PBXGroup;
			children = (
				9FD154341AAD1A070043181B /* BarcodeScannerTests.swift */,
				9FD154321AAD1A070043181B /* Supporting Files */,
			);
			path = BarcodeScannerTests;
			sourceTree = "<group>";
		};
		9FD154321AAD1A070043181B /* Supporting Files */ = {
			isa = PBXGroup;
			children = (
				9FD154331AAD1A070043181B /* Info.plist */,
			);
			name = "Supporting Files";
			sourceTree = "<group>";
		};
/* End PBXGroup section */

/* Begin PBXNativeTarget section */
		9FD154181AAD1A070043181B /* BarcodeScanner */ = {
			isa = PBXNativeTarget;
			buildConfigurationList = 9FD154381AAD1A070043181B /* Build configuration list for PBXNativeTarget "BarcodeScanner" */;
			buildPhases = (
				9FD154151AAD1A070043181B /* Sources */,
				9FD154161AAD1A070043181B /* Frameworks */,
				9FD154171AAD1A070043181B /* Resources */,
			);
			buildRules = (
			);
			dependencies = (
			);
			name = BarcodeScanner;
			productName = BarcodeScanner;
			productReference = 9FD154191AAD1A070043181B /* BarcodeScanner.app */;
			productType = "com.apple.product-type.application";
		};
		9FD1542D1AAD1A070043181B /* BarcodeScannerTests */ = {
			isa = PBXNativeTarget;
			buildConfigurationList = 9FD1543B1AAD1A070043181B /* Build configuration list for PBXNativeTarget "BarcodeScannerTests" */;
			buildPhases = (
				9FD1542A1AAD1A070043181B /* Sources */,
				9FD1542B1AAD1A070043181B /* Frameworks */,
				9FD1542C1AAD1A070043181B /* Resources */,
			);
			buildRules = (
			);
			dependencies = (
				9FD154301AAD1A070043181B /* PBXTargetDependency */,
			);
			name = BarcodeScannerTests;
			productName = BarcodeScannerTests;
			productReference = 9FD1542E1AAD1A070043181B /* BarcodeScannerTests.xctest */;
			productType = "com.apple.product-type.bundle.unit-test";
		};
/* End PBXNativeTarget section */

/* Begin PBXProject section */
		9FD154111AAD1A070043181B /* Project object */ = {
			isa = PBXProject;
			attributes = {
				LastUpgradeCheck = 0610;
				ORGANIZATIONNAME = "Hasan Adil";
				TargetAttributes = {
					9FD154181AAD1A070043181B = {
						CreatedOnToolsVersion = 6.1.1;
					};
					9FD1542D1AAD1A070043181B = {
						CreatedOnToolsVersion = 6.1.1;
						TestTargetID = 9FD154181AAD1A070043181B;
					};
				};
			};
			buildConfigurationList = 9FD154141AAD1A070043181B /* Build configuration list for PBXProject "BarcodeScanner" */;
			compatibilityVersion = "Xcode 3.2";
			developmentRegion = English;
			hasScannedForEncodings = 0;
			knownRegions = (
				en,
				Base,
			);
			mainGroup = 9FD154101AAD1A070043181B;
			productRefGroup = 9FD1541A1AAD1A070043181B /* Products */;
			projectDirPath = "";
			projectRoot = "";
			targets = (
				9FD154181AAD1A070043181B /* BarcodeScanner */,
				9FD1542D1AAD1A070043181B /* BarcodeScannerTests */,
			);
		};
/* End PBXProject section */

/* Begin PBXResourcesBuildPhase section */
		9FD154171AAD1A070043181B /* Resources */ = {
			isa = PBXResourcesBuildPhase;
			buildActionMask = 2147483647;
			files = (
				9FD154241AAD1A070043181B /* Main.storyboard in Resources */,
				9FD154291AAD1A070043181B /* LaunchScreen.xib in Resources */,
				9FD154261AAD1A070043181B /* Images.xcassets in Resources */,
			);
			runOnlyForDeploymentPostprocessing = 0;
		};
		9FD1542C1AAD1A070043181B /* Resources */ = {
			isa = PBXResourcesBuildPhase;
			buildActionMask = 2147483647;
			files = (
			);
			runOnlyForDeploymentPostprocessing = 0;
		};
/* End PBXResourcesBuildPhase section */

/* Begin PBXSourcesBuildPhase section */
		9FD154151AAD1A070043181B /* Sources */ = {
			isa = PBXSourcesBuildPhase;
			buildActionMask = 2147483647;
			files = (
				9FD154211AAD1A070043181B /* ViewController.swift in Sources */,
				9FD1541F1AAD1A070043181B /* AppDelegate.swift in Sources */,
			);
			runOnlyForDeploymentPostprocessing = 0;
		};
		9FD1542A1AAD1A070043181B /* Sources */ = {
			isa = PBXSourcesBuildPhase;
			buildActionMask = 2147483647;
			files = (
				9FD154351AAD1A070043181B /* BarcodeScannerTests.swift in Sources */,
			);
			runOnlyForDeploymentPostprocessing = 0;
		};
/* End PBXSourcesBuildPhase section */

/* Begin PBXTargetDependency section */
		9FD154301AAD1A070043181B /* PBXTargetDependency */ = {
			isa = PBXTargetDependency;
			target = 9FD154181AAD1A070043181B /* BarcodeScanner */;
			targetProxy = 9FD1542F1AAD1A070043181B /* PBXContainerItemProxy */;
		};
/* End PBXTargetDependency section */

/* Begin PBXVariantGroup section */
		9FD154221AAD1A070043181B /* Main.storyboard */ = {
			isa = PBXVariantGroup;
			children = (
				9FD154231AAD1A070043181B /* Base */,
			);
			name = Main.storyboard;
			sourceTree = "<group>";
		};
		9FD154271AAD1A070043181B /* LaunchScreen.xib */ = {
			isa = PBXVariantGroup;
			children = (
				9FD154281AAD1A070043181B /* Base */,
			);
			name = LaunchScreen.xib;
			sourceTree = "<group>";
		};
/* End PBXVariantGroup section */

/* Begin XCBuildConfiguration section */
		9FD154361AAD1A070043181B /* Debug */ = {
			isa = XCBuildConfiguration;
			buildSettings = {
				ALWAYS_SEARCH_USER_PATHS = NO;
				CLANG_CXX_LANGUAGE_STANDARD = "gnu++0x";
				CLANG_CXX_LIBRARY = "libc++";
				CLANG_ENABLE_MODULES = YES;
				CLANG_ENABLE_OBJC_ARC = YES;
				CLANG_WARN_BOOL_CONVERSION = YES;
				CLANG_WARN_CONSTANT_CONVERSION = YES;
				CLANG_WARN_DIRECT_OBJC_ISA_USAGE = YES_ERROR;
				CLANG_WARN_EMPTY_BODY = YES;
				CLANG_WARN_ENUM_CONVERSION = YES;
				CLANG_WARN_INT_CONVERSION = YES;
				CLANG_WARN_OBJC_ROOT_CLASS = YES_ERROR;
				CLANG_WARN_UNREACHABLE_CODE = YES;
				CLANG_WARN__DUPLICATE_METHOD_MATCH = YES;
				"CODE_SIGN_IDENTITY[sdk=iphoneos*]" = "iPhone Developer";
				COPY_PHASE_STRIP = NO;
				ENABLE_STRICT_OBJC_MSGSEND = YES;
				GCC_C_LANGUAGE_STANDARD = gnu99;
				GCC_DYNAMIC_NO_PIC = NO;
				GCC_OPTIMIZATION_LEVEL = 0;
				GCC_PREPROCESSOR_DEFINITIONS = (
					"DEBUG=1",
					"$(inherited)",
				);
				GCC_SYMBOLS_PRIVATE_EXTERN = NO;
				GCC_WARN_64_TO_32_BIT_CONVERSION = YES;
				GCC_WARN_ABOUT_RETURN_TYPE = YES_ERROR;
				GCC_WARN_UNDECLARED_SELECTOR = YES;
				GCC_WARN_UNINITIALIZED_AUTOS = YES_AGGRESSIVE;
				GCC_WARN_UNUSED_FUNCTION = YES;
				GCC_WARN_UNUSED_VARIABLE = YES;
				IPHONEOS_DEPLOYMENT_TARGET = 8.1;
				MTL_ENABLE_DEBUG_INFO = YES;
				ONLY_ACTIVE_ARCH = YES;
				SDKROOT = iphoneos;
				SWIFT_OPTIMIZATION_LEVEL = "-Onone";
			};
			name = Debug;
		};
		9FD154371AAD1A070043181B /* Release */ = {
			isa = XCBuildConfiguration;
			buildSettings = {
				ALWAYS_SEARCH_USER_PATHS = NO;
				CLANG_CXX_LANGUAGE_STANDARD = "gnu++0x";
				CLANG_CXX_LIBRARY = "libc++";
				CLANG_ENABLE_MODULES = YES;
				CLANG_ENABLE_OBJC_ARC = YES;
				CLANG_WARN_BOOL_CONVERSION = YES;
				CLANG_WARN_CONSTANT_CONVERSION = YES;
				CLANG_WARN_DIRECT_OBJC_ISA_USAGE = YES_ERROR;
				CLANG_WARN_EMPTY_BODY = YES;
				CLANG_WARN_ENUM_CONVERSION = YES;
				CLANG_WARN_INT_CONVERSION = YES;
				CLANG_WARN_OBJC_ROOT_CLASS = YES_ERROR;
				CLANG_WARN_UNREACHABLE_CODE = YES;
				CLANG_WARN__DUPLICATE_METHOD_MATCH = YES;
				"CODE_SIGN_IDENTITY[sdk=iphoneos*]" = "iPhone Developer";
				COPY_PHASE_STRIP = YES;
				ENABLE_NS_ASSERTIONS = NO;
				ENABLE_STRICT_OBJC_MSGSEND = YES;
				GCC_C_LANGUAGE_STANDARD = gnu99;
				GCC_WARN_64_TO_32_BIT_CONVERSION = YES;
				GCC_WARN_ABOUT_RETURN_TYPE = YES_ERROR;
				GCC_WARN_UNDECLARED_SELECTOR = YES;
				GCC_WARN_UNINITIALIZED_AUTOS = YES_AGGRESSIVE;
				GCC_WARN_UNUSED_FUNCTION = YES;
				GCC_WARN_UNUSED_VARIABLE = YES;
				IPHONEOS_DEPLOYMENT_TARGET = 8.1;
				MTL_ENABLE_DEBUG_INFO = NO;
				SDKROOT = iphoneos;
				VALIDATE_PRODUCT = YES;
			};
			name = Release;
		};
		9FD154391AAD1A070043181B /* Debug */ = {
			isa = XCBuildConfiguration;
			buildSettings = {
				ASSETCATALOG_COMPILER_APPICON_NAME = AppIcon;
				INFOPLIST_FILE = BarcodeScanner/Info.plist;
				LD_RUNPATH_SEARCH_PATHS = "$(inherited) @executable_path/Frameworks";
				PRODUCT_NAME = "$(TARGET_NAME)";
			};
			name = Debug;
		};
		9FD1543A1AAD1A070043181B /* Release */ = {
			isa = XCBuildConfiguration;
			buildSettings = {
				ASSETCATALOG_COMPILER_APPICON_NAME = AppIcon;
				INFOPLIST_FILE = BarcodeScanner/Info.plist;
				LD_RUNPATH_SEARCH_PATHS = "$(inherited) @executable_path/Frameworks";
				PRODUCT_NAME = "$(TARGET_NAME)";
			};
			name = Release;
		};
		9FD1543C1AAD1A070043181B /* Debug */ = {
			isa = XCBuildConfiguration;
			buildSettings = {
				BUNDLE_LOADER = "$(TEST_HOST)";
				FRAMEWORK_SEARCH_PATHS = (
					"$(SDKROOT)/Developer/Library/Frameworks",
					"$(inherited)",
				);
				GCC_PREPROCESSOR_DEFINITIONS = (
					"DEBUG=1",
					"$(inherited)",
				);
				INFOPLIST_FILE = BarcodeScannerTests/Info.plist;
				LD_RUNPATH_SEARCH_PATHS = "$(inherited) @executable_path/Frameworks @loader_path/Frameworks";
				PRODUCT_NAME = "$(TARGET_NAME)";
				TEST_HOST = "$(BUILT_PRODUCTS_DIR)/BarcodeScanner.app/BarcodeScanner";
			};
			name = Debug;
		};
		9FD1543D1AAD1A070043181B /* Release */ = {
			isa = XCBuildConfiguration;
			buildSettings = {
				BUNDLE_LOADER = "$(TEST_HOST)";
				FRAMEWORK_SEARCH_PATHS = (
					"$(SDKROOT)/Developer/Library/Frameworks",
					"$(inherited)",
				);
				INFOPLIST_FILE = BarcodeScannerTests/Info.plist;
				LD_RUNPATH_SEARCH_PATHS = "$(inherited) @executable_path/Frameworks @loader_path/Frameworks";
				PRODUCT_NAME = "$(TARGET_NAME)";
				TEST_HOST = "$(BUILT_PRODUCTS_DIR)/BarcodeScanner.app/BarcodeScanner";
			};
			name = Release;
		};
/* End XCBuildConfiguration section */

/* Begin XCConfigurationList section */
		9FD154141AAD1A070043181B /* Build configuration list for PBXProject "BarcodeScanner" */ = {
			isa = XCConfigurationList;
			buildConfigurations = (
				9FD154361AAD1A070043181B /* Debug */,
				9FD154371AAD1A070043181B /* Release */,
			);
			defaultConfigurationIsVisible = 0;
			defaultConfigurationName = Release;
		};
		9FD154381AAD1A070043181B /* Build configuration list for PBXNativeTarget "BarcodeScanner" */ = {
			isa = XCConfigurationList;
			buildConfigurations = (
				9FD154391AAD1A070043181B /* Debug */,
				9FD1543A1AAD1A070043181B /* Release */,
			);
			defaultConfigurationIsVisible = 0;
		};
		9FD1543B1AAD1A070043181B /* Build configuration list for PBXNativeTarget "BarcodeScannerTests" */ = {
			isa = XCConfigurationList;
			buildConfigurations = (
				9FD1543C1AAD1A070043181B /* Debug */,
				9FD1543D1AAD1A070043181B /* Release */,
			);
			defaultConfigurationIsVisible = 0;
		};
/* End XCConfigurationList section */
	};
	rootObject = 9FD154111AAD1A070043181B /* Project object */;
}
